// !$*UTF8*$!
{
	archiveVersion = 1;
	classes = {
	};
	objectVersion = 46;
	objects = {

/* Begin PBXBuildFile section */
		8121D9A41BD953D2004F0438 /* FirstExerciseTests.m in Sources */ = {isa = PBXBuildFile; fileRef = 8121D9A31BD953D2004F0438 /* FirstExerciseTests.m */; };
		8121D9AF1BD953D2004F0438 /* FirstExerciseUITests.m in Sources */ = {isa = PBXBuildFile; fileRef = 8121D9AE1BD953D2004F0438 /* FirstExerciseUITests.m */; };
		8121D9CB1BD95470004F0438 /* AppDelegate.m in Sources */ = {isa = PBXBuildFile; fileRef = 8121D9BE1BD95470004F0438 /* AppDelegate.m */; };
		8121D9CC1BD95470004F0438 /* ViewController.m in Sources */ = {isa = PBXBuildFile; fileRef = 8121D9C11BD95470004F0438 /* ViewController.m */; };
		8121D9CD1BD95470004F0438 /* Assets.xcassets in Resources */ = {isa = PBXBuildFile; fileRef = 8121D9C31BD95470004F0438 /* Assets.xcassets */; };
		8121D9CE1BD95470004F0438 /* LaunchScreen.storyboard in Resources */ = {isa = PBXBuildFile; fileRef = 8121D9C41BD95470004F0438 /* LaunchScreen.storyboard */; };
		8121D9CF1BD95470004F0438 /* Main.storyboard in Resources */ = {isa = PBXBuildFile; fileRef = 8121D9C61BD95470004F0438 /* Main.storyboard */; };
		8121D9D11BD95470004F0438 /* main.m in Sources */ = {isa = PBXBuildFile; fileRef = 8121D9CA1BD95470004F0438 /* main.m */; };
/* End PBXBuildFile section */

/* Begin PBXContainerItemProxy section */
		8121D9A01BD953D2004F0438 /* PBXContainerItemProxy */ = {
			isa = PBXContainerItemProxy;
			containerPortal = 8121D97E1BD953D1004F0438 /* Project object */;
			proxyType = 1;
			remoteGlobalIDString = 8121D9851BD953D1004F0438;
			remoteInfo = FirstExercise;
		};
		8121D9AB1BD953D2004F0438 /* PBXContainerItemProxy */ = {
			isa = PBXContainerItemProxy;
			containerPortal = 8121D97E1BD953D1004F0438 /* Project object */;
			proxyType = 1;
			remoteGlobalIDString = 8121D9851BD953D1004F0438;
			remoteInfo = FirstExercise;
		};
/* End PBXContainerItemProxy section */

/* Begin PBXFileReference section */
		8121D9861BD953D1004F0438 /* FirstExercise.app */ = {isa = PBXFileReference; explicitFileType = wrapper.application; includeInIndex = 0; path = FirstExercise.app; sourceTree = BUILT_PRODUCTS_DIR; };
		8121D99F1BD953D2004F0438 /* FirstExerciseTests.xctest */ = {isa = PBXFileReference; explicitFileType = wrapper.cfbundle; includeInIndex = 0; path = FirstExerciseTests.xctest; sourceTree = BUILT_PRODUCTS_DIR; };
		8121D9A31BD953D2004F0438 /* FirstExerciseTests.m */ = {isa = PBXFileReference; lastKnownFileType = sourcecode.c.objc; path = FirstExerciseTests.m; sourceTree = "<group>"; };
		8121D9A51BD953D2004F0438 /* Info.plist */ = {isa = PBXFileReference; lastKnownFileType = text.plist.xml; path = Info.plist; sourceTree = "<group>"; };
		8121D9AA1BD953D2004F0438 /* FirstExerciseUITests.xctest */ = {isa = PBXFileReference; explicitFileType = wrapper.cfbundle; includeInIndex = 0; path = FirstExerciseUITests.xctest; sourceTree = BUILT_PRODUCTS_DIR; };
		8121D9AE1BD953D2004F0438 /* FirstExerciseUITests.m */ = {isa = PBXFileReference; lastKnownFileType = sourcecode.c.objc; path = FirstExerciseUITests.m; sourceTree = "<group>"; };
		8121D9B01BD953D2004F0438 /* Info.plist */ = {isa = PBXFileReference; lastKnownFileType = text.plist.xml; path = Info.plist; sourceTree = "<group>"; };
		8121D9BD1BD95470004F0438 /* AppDelegate.h */ = {isa = PBXFileReference; fileEncoding = 4; lastKnownFileType = sourcecode.c.h; path = AppDelegate.h; sourceTree = "<group>"; };
		8121D9BE1BD95470004F0438 /* AppDelegate.m */ = {isa = PBXFileReference; fileEncoding = 4; lastKnownFileType = sourcecode.c.objc; path = AppDelegate.m; sourceTree = "<group>"; };
		8121D9C01BD95470004F0438 /* ViewController.h */ = {isa = PBXFileReference; fileEncoding = 4; lastKnownFileType = sourcecode.c.h; path = ViewController.h; sourceTree = "<group>"; };
		8121D9C11BD95470004F0438 /* ViewController.m */ = {isa = PBXFileReference; fileEncoding = 4; lastKnownFileType = sourcecode.c.objc; path = ViewController.m; sourceTree = "<group>"; };
		8121D9C31BD95470004F0438 /* Assets.xcassets */ = {isa = PBXFileReference; lastKnownFileType = folder.assetcatalog; path = Assets.xcassets; sourceTree = "<group>"; };
		8121D9C51BD95470004F0438 /* Base */ = {isa = PBXFileReference; lastKnownFileType = file.storyboard; name = Base; path = Base.lproj/LaunchScreen.storyboard; sourceTree = "<group>"; };
		8121D9C71BD95470004F0438 /* Base */ = {isa = PBXFileReference; lastKnownFileType = file.storyboard; name = Base; path = Base.lproj/Main.storyboard; sourceTree = "<group>"; };
		8121D9C91BD95470004F0438 /* Info.plist */ = {isa = PBXFileReference; fileEncoding = 4; lastKnownFileType = text.plist.xml; path = Info.plist; sourceTree = "<group>"; };
		8121D9CA1BD95470004F0438 /* main.m */ = {isa = PBXFileReference; fileEncoding = 4; lastKnownFileType = sourcecode.c.objc; path = main.m; sourceTree = "<group>"; };
/* End PBXFileReference section */

/* Begin PBXFrameworksBuildPhase section */
		8121D9831BD953D1004F0438 /* Frameworks */ = {
			isa = PBXFrameworksBuildPhase;
			buildActionMask = 2147483647;
			files = (
			);
			runOnlyForDeploymentPostprocessing = 0;
		};
		8121D99C1BD953D2004F0438 /* Frameworks */ = {
			isa = PBXFrameworksBuildPhase;
			buildActionMask = 2147483647;
			files = (
			);
			runOnlyForDeploymentPostprocessing = 0;
		};
		8121D9A71BD953D2004F0438 /* Frameworks */ = {
			isa = PBXFrameworksBuildPhase;
			buildActionMask = 2147483647;
			files = (
			);
			runOnlyForDeploymentPostprocessing = 0;
		};
/* End PBXFrameworksBuildPhase section */

/* Begin PBXGroup section */
		8121D97D1BD953D1004F0438 = {
			isa = PBXGroup;
			children = (
				8121D9881BD953D1004F0438 /* FirstExercise */,
				8121D9A21BD953D2004F0438 /* FirstExerciseTests */,
				8121D9AD1BD953D2004F0438 /* FirstExerciseUITests */,
				8121D9871BD953D1004F0438 /* Products */,
			);
			sourceTree = "<group>";
		};
		8121D9871BD953D1004F0438 /* Products */ = {
			isa = PBXGroup;
			children = (
				8121D9861BD953D1004F0438 /* FirstExercise.app */,
				8121D99F1BD953D2004F0438 /* FirstExerciseTests.xctest */,
				8121D9AA1BD953D2004F0438 /* FirstExerciseUITests.xctest */,
			);
			name = Products;
			sourceTree = "<group>";
		};
		8121D9881BD953D1004F0438 /* FirstExercise */ = {
			isa = PBXGroup;
			children = (
				8121D9BC1BD95470004F0438 /* AppDelegate */,
				8121D9BF1BD95470004F0438 /* Controllers */,
				8121D9C21BD95470004F0438 /* Resources */,
				8121D9C81BD95470004F0438 /* Supporting Files */,
			);
			path = FirstExercise;
			sourceTree = "<group>";
		};
		8121D9A21BD953D2004F0438 /* FirstExerciseTests */ = {
			isa = PBXGroup;
			children = (
				8121D9A31BD953D2004F0438 /* FirstExerciseTests.m */,
				8121D9A51BD953D2004F0438 /* Info.plist */,
			);
			path = FirstExerciseTests;
			sourceTree = "<group>";
		};
		8121D9AD1BD953D2004F0438 /* FirstExerciseUITests */ = {
			isa = PBXGroup;
			children = (
				8121D9AE1BD953D2004F0438 /* FirstExerciseUITests.m */,
				8121D9B01BD953D2004F0438 /* Info.plist */,
			);
			path = FirstExerciseUITests;
			sourceTree = "<group>";
		};
		8121D9BC1BD95470004F0438 /* AppDelegate */ = {
			isa = PBXGroup;
			children = (
				8121D9BD1BD95470004F0438 /* AppDelegate.h */,
				8121D9BE1BD95470004F0438 /* AppDelegate.m */,
			);
			path = AppDelegate;
			sourceTree = "<group>";
		};
		8121D9BF1BD95470004F0438 /* Controllers */ = {
			isa = PBXGroup;
			children = (
				8121D9C01BD95470004F0438 /* ViewController.h */,
				8121D9C11BD95470004F0438 /* ViewController.m */,
			);
			path = Controllers;
			sourceTree = "<group>";
		};
		8121D9C21BD95470004F0438 /* Resources */ = {
			isa = PBXGroup;
			children = (
				8121D9C31BD95470004F0438 /* Assets.xcassets */,
				8121D9C41BD95470004F0438 /* LaunchScreen.storyboard */,
				8121D9C61BD95470004F0438 /* Main.storyboard */,
			);
			path = Resources;
			sourceTree = "<group>";
		};
		8121D9C81BD95470004F0438 /* Supporting Files */ = {
			isa = PBXGroup;
			children = (
				8121D9C91BD95470004F0438 /* Info.plist */,
				8121D9CA1BD95470004F0438 /* main.m */,
			);
			path = "Supporting Files";
			sourceTree = "<group>";
		};
/* End PBXGroup section */

/* Begin PBXNativeTarget section */
		8121D9851BD953D1004F0438 /* FirstExercise */ = {
			isa = PBXNativeTarget;
			buildConfigurationList = 8121D9B31BD953D2004F0438 /* Build configuration list for PBXNativeTarget "FirstExercise" */;
			buildPhases = (
				8121D9821BD953D1004F0438 /* Sources */,
				8121D9831BD953D1004F0438 /* Frameworks */,
				8121D9841BD953D1004F0438 /* Resources */,
			);
			buildRules = (
			);
			dependencies = (
			);
			name = FirstExercise;
			productName = FirstExercise;
			productReference = 8121D9861BD953D1004F0438 /* FirstExercise.app */;
			productType = "com.apple.product-type.application";
		};
		8121D99E1BD953D2004F0438 /* FirstExerciseTests */ = {
			isa = PBXNativeTarget;
			buildConfigurationList = 8121D9B61BD953D2004F0438 /* Build configuration list for PBXNativeTarget "FirstExerciseTests" */;
			buildPhases = (
				8121D99B1BD953D2004F0438 /* Sources */,
				8121D99C1BD953D2004F0438 /* Frameworks */,
				8121D99D1BD953D2004F0438 /* Resources */,
			);
			buildRules = (
			);
			dependencies = (
				8121D9A11BD953D2004F0438 /* PBXTargetDependency */,
			);
			name = FirstExerciseTests;
			productName = FirstExerciseTests;
			productReference = 8121D99F1BD953D2004F0438 /* FirstExerciseTests.xctest */;
			productType = "com.apple.product-type.bundle.unit-test";
		};
		8121D9A91BD953D2004F0438 /* FirstExerciseUITests */ = {
			isa = PBXNativeTarget;
			buildConfigurationList = 8121D9B91BD953D2004F0438 /* Build configuration list for PBXNativeTarget "FirstExerciseUITests" */;
			buildPhases = (
				8121D9A61BD953D2004F0438 /* Sources */,
				8121D9A71BD953D2004F0438 /* Frameworks */,
				8121D9A81BD953D2004F0438 /* Resources */,
			);
			buildRules = (
			);
			dependencies = (
				8121D9AC1BD953D2004F0438 /* PBXTargetDependency */,
			);
			name = FirstExerciseUITests;
			productName = FirstExerciseUITests;
			productReference = 8121D9AA1BD953D2004F0438 /* FirstExerciseUITests.xctest */;
			productType = "com.apple.product-type.bundle.ui-testing";
		};
/* End PBXNativeTarget section */

/* Begin PBXProject section */
		8121D97E1BD953D1004F0438 /* Project object */ = {
			isa = PBXProject;
			attributes = {
				LastUpgradeCheck = 0710;
				ORGANIZATIONNAME = "Treinamento Mobile";
				TargetAttributes = {
					8121D9851BD953D1004F0438 = {
						CreatedOnToolsVersion = 7.1;
					};
					8121D99E1BD953D2004F0438 = {
						CreatedOnToolsVersion = 7.1;
						TestTargetID = 8121D9851BD953D1004F0438;
					};
					8121D9A91BD953D2004F0438 = {
						CreatedOnToolsVersion = 7.1;
						TestTargetID = 8121D9851BD953D1004F0438;
					};
				};
			};
			buildConfigurationList = 8121D9811BD953D1004F0438 /* Build configuration list for PBXProject "FirstExercise" */;
			compatibilityVersion = "Xcode 3.2";
			developmentRegion = English;
			hasScannedForEncodings = 0;
			knownRegions = (
				en,
				Base,
			);
			mainGroup = 8121D97D1BD953D1004F0438;
			productRefGroup = 8121D9871BD953D1004F0438 /* Products */;
			projectDirPath = "";
			projectRoot = "";
			targets = (
				8121D9851BD953D1004F0438 /* FirstExercise */,
				8121D99E1BD953D2004F0438 /* FirstExerciseTests */,
				8121D9A91BD953D2004F0438 /* FirstExerciseUITests */,
			);
		};
/* End PBXProject section */

/* Begin PBXResourcesBuildPhase section */
		8121D9841BD953D1004F0438 /* Resources */ = {
			isa = PBXResourcesBuildPhase;
			buildActionMask = 2147483647;
			files = (
				8121D9CD1BD95470004F0438 /* Assets.xcassets in Resources */,
				8121D9CF1BD95470004F0438 /* Main.storyboard in Resources */,
				8121D9CE1BD95470004F0438 /* LaunchScreen.storyboard in Resources */,
			);
			runOnlyForDeploymentPostprocessing = 0;
		};
		8121D99D1BD953D2004F0438 /* Resources */ = {
			isa = PBXResourcesBuildPhase;
			buildActionMask = 2147483647;
			files = (
			);
			runOnlyForDeploymentPostprocessing = 0;
		};
		8121D9A81BD953D2004F0438 /* Resources */ = {
			isa = PBXResourcesBuildPhase;
			buildActionMask = 2147483647;
			files = (
			);
			runOnlyForDeploymentPostprocessing = 0;
		};
/* End PBXResourcesBuildPhase section */

/* Begin PBXSourcesBuildPhase section */
		8121D9821BD953D1004F0438 /* Sources */ = {
			isa = PBXSourcesBuildPhase;
			buildActionMask = 2147483647;
			files = (
				8121D9CB1BD95470004F0438 /* AppDelegate.m in Sources */,
				8121D9D11BD95470004F0438 /* main.m in Sources */,
				8121D9CC1BD95470004F0438 /* ViewController.m in Sources */,
			);
			runOnlyForDeploymentPostprocessing = 0;
		};
		8121D99B1BD953D2004F0438 /* Sources */ = {
			isa = PBXSourcesBuildPhase;
			buildActionMask = 2147483647;
			files = (
				8121D9A41BD953D2004F0438 /* FirstExerciseTests.m in Sources */,
			);
			runOnlyForDeploymentPostprocessing = 0;
		};
		8121D9A61BD953D2004F0438 /* Sources */ = {
			isa = PBXSourcesBuildPhase;
			buildActionMask = 2147483647;
			files = (
				8121D9AF1BD953D2004F0438 /* FirstExerciseUITests.m in Sources */,
			);
			runOnlyForDeploymentPostprocessing = 0;
		};
/* End PBXSourcesBuildPhase section */

/* Begin PBXTargetDependency section */
		8121D9A11BD953D2004F0438 /* PBXTargetDependency */ = {
			isa = PBXTargetDependency;
			target = 8121D9851BD953D1004F0438 /* FirstExercise */;
			targetProxy = 8121D9A01BD953D2004F0438 /* PBXContainerItemProxy */;
		};
		8121D9AC1BD953D2004F0438 /* PBXTargetDependency */ = {
			isa = PBXTargetDependency;
			target = 8121D9851BD953D1004F0438 /* FirstExercise */;
			targetProxy = 8121D9AB1BD953D2004F0438 /* PBXContainerItemProxy */;
		};
/* End PBXTargetDependency section */

/* Begin PBXVariantGroup section */
		8121D9C41BD95470004F0438 /* LaunchScreen.storyboard */ = {
			isa = PBXVariantGroup;
			children = (
				8121D9C51BD95470004F0438 /* Base */,
			);
			name = LaunchScreen.storyboard;
			sourceTree = "<group>";
		};
		8121D9C61BD95470004F0438 /* Main.storyboard */ = {
			isa = PBXVariantGroup;
			children = (
				8121D9C71BD95470004F0438 /* Base */,
			);
			name = Main.storyboard;
			sourceTree = "<group>";
		};
/* End PBXVariantGroup section */

/* Begin XCBuildConfiguration section */
		8121D9B11BD953D2004F0438 /* Debug */ = {
			isa = XCBuildConfiguration;
			buildSettings = {
				ALWAYS_SEARCH_USER_PATHS = NO;
				CLANG_CXX_LANGUAGE_STANDARD = "gnu++0x";
				CLANG_CXX_LIBRARY = "libc++";
				CLANG_ENABLE_MODULES = YES;
				CLANG_ENABLE_OBJC_ARC = YES;
				CLANG_WARN_BOOL_CONVERSION = YES;
				CLANG_WARN_CONSTANT_CONVERSION = YES;
				CLANG_WARN_DIRECT_OBJC_ISA_USAGE = YES_ERROR;
				CLANG_WARN_EMPTY_BODY = YES;
				CLANG_WARN_ENUM_CONVERSION = YES;
				CLANG_WARN_INT_CONVERSION = YES;
				CLANG_WARN_OBJC_ROOT_CLASS = YES_ERROR;
				CLANG_WARN_UNREACHABLE_CODE = YES;
				CLANG_WARN__DUPLICATE_METHOD_MATCH = YES;
				"CODE_SIGN_IDENTITY[sdk=iphoneos*]" = "iPhone Developer";
				COPY_PHASE_STRIP = NO;
				DEBUG_INFORMATION_FORMAT = dwarf;
				ENABLE_STRICT_OBJC_MSGSEND = YES;
				ENABLE_TESTABILITY = YES;
				GCC_C_LANGUAGE_STANDARD = gnu99;
				GCC_DYNAMIC_NO_PIC = NO;
				GCC_NO_COMMON_BLOCKS = YES;
				GCC_OPTIMIZATION_LEVEL = 0;
				GCC_PREPROCESSOR_DEFINITIONS = (
					"DEBUG=1",
					"$(inherited)",
				);
				GCC_WARN_64_TO_32_BIT_CONVERSION = YES;
				GCC_WARN_ABOUT_RETURN_TYPE = YES_ERROR;
				GCC_WARN_UNDECLARED_SELECTOR = YES;
				GCC_WARN_UNINITIALIZED_AUTOS = YES_AGGRESSIVE;
				GCC_WARN_UNUSED_FUNCTION = YES;
				GCC_WARN_UNUSED_VARIABLE = YES;
				IPHONEOS_DEPLOYMENT_TARGET = 9.1;
				MTL_ENABLE_DEBUG_INFO = YES;
				ONLY_ACTIVE_ARCH = YES;
				SDKROOT = iphoneos;
				TARGETED_DEVICE_FAMILY = "1,2";
			};
			name = Debug;
		};
		8121D9B21BD953D2004F0438 /* Release */ = {
			isa = XCBuildConfiguration;
			buildSettings = {
				ALWAYS_SEARCH_USER_PATHS = NO;
				CLANG_CXX_LANGUAGE_STANDARD = "gnu++0x";
				CLANG_CXX_LIBRARY = "libc++";
				CLANG_ENABLE_MODULES = YES;
				CLANG_ENABLE_OBJC_ARC = YES;
				CLANG_WARN_BOOL_CONVERSION = YES;
				CLANG_WARN_CONSTANT_CONVERSION = YES;
				CLANG_WARN_DIRECT_OBJC_ISA_USAGE = YES_ERROR;
				CLANG_WARN_EMPTY_BODY = YES;
				CLANG_WARN_ENUM_CONVERSION = YES;
				CLANG_WARN_INT_CONVERSION = YES;
				CLANG_WARN_OBJC_ROOT_CLASS = YES_ERROR;
				CLANG_WARN_UNREACHABLE_CODE = YES;
				CLANG_WARN__DUPLICATE_METHOD_MATCH = YES;
				"CODE_SIGN_IDENTITY[sdk=iphoneos*]" = "iPhone Developer";
				COPY_PHASE_STRIP = NO;
				DEBUG_INFORMATION_FORMAT = "dwarf-with-dsym";
				ENABLE_NS_ASSERTIONS = NO;
				ENABLE_STRICT_OBJC_MSGSEND = YES;
				GCC_C_LANGUAGE_STANDARD = gnu99;
				GCC_NO_COMMON_BLOCKS = YES;
				GCC_WARN_64_TO_32_BIT_CONVERSION = YES;
				GCC_WARN_ABOUT_RETURN_TYPE = YES_ERROR;
				GCC_WARN_UNDECLARED_SELECTOR = YES;
				GCC_WARN_UNINITIALIZED_AUTOS = YES_AGGRESSIVE;
				GCC_WARN_UNUSED_FUNCTION = YES;
				GCC_WARN_UNUSED_VARIABLE = YES;
				IPHONEOS_DEPLOYMENT_TARGET = 9.1;
				MTL_ENABLE_DEBUG_INFO = NO;
				SDKROOT = iphoneos;
				TARGETED_DEVICE_FAMILY = "1,2";
				VALIDATE_PRODUCT = YES;
			};
			name = Release;
		};
		8121D9B41BD953D2004F0438 /* Debug */ = {
			isa = XCBuildConfiguration;
			buildSettings = {
				ASSETCATALOG_COMPILER_APPICON_NAME = AppIcon;
				INFOPLIST_FILE = "$(SRCROOT)/FirstExercise/Supporting Files/Info.plist";
				LD_RUNPATH_SEARCH_PATHS = "$(inherited) @executable_path/Frameworks";
				PRODUCT_BUNDLE_IDENTIFIER = squiter.FirstExercise;
				PRODUCT_NAME = "$(TARGET_NAME)";
			};
			name = Debug;
		};
		8121D9B51BD953D2004F0438 /* Release */ = {
			isa = XCBuildConfiguration;
			buildSettings = {
				ASSETCATALOG_COMPILER_APPICON_NAME = AppIcon;
				INFOPLIST_FILE = "$(SRCROOT)/FirstExercise/Supporting Files/Info.plist";
				LD_RUNPATH_SEARCH_PATHS = "$(inherited) @executable_path/Frameworks";
				PRODUCT_BUNDLE_IDENTIFIER = squiter.FirstExercise;
				PRODUCT_NAME = "$(TARGET_NAME)";
			};
			name = Release;
		};
		8121D9B71BD953D2004F0438 /* Debug */ = {
			isa = XCBuildConfiguration;
			buildSettings = {
				BUNDLE_LOADER = "$(TEST_HOST)";
				INFOPLIST_FILE = FirstExerciseTests/Info.plist;
				LD_RUNPATH_SEARCH_PATHS = "$(inherited) @executable_path/Frameworks @loader_path/Frameworks";
				PRODUCT_BUNDLE_IDENTIFIER = squiter.FirstExerciseTests;
				PRODUCT_NAME = "$(TARGET_NAME)";
				TEST_HOST = "$(BUILT_PRODUCTS_DIR)/FirstExercise.app/FirstExercise";
			};
			name = Debug;
		};
		8121D9B81BD953D2004F0438 /* Release */ = {
			isa = XCBuildConfiguration;
			buildSettings = {
				BUNDLE_LOADER = "$(TEST_HOST)";
				INFOPLIST_FILE = FirstExerciseTests/Info.plist;
				LD_RUNPATH_SEARCH_PATHS = "$(inherited) @executable_path/Frameworks @loader_path/Frameworks";
				PRODUCT_BUNDLE_IDENTIFIER = squiter.FirstExerciseTests;
				PRODUCT_NAME = "$(TARGET_NAME)";
				TEST_HOST = "$(BUILT_PRODUCTS_DIR)/FirstExercise.app/FirstExercise";
			};
			name = Release;
		};
		8121D9BA1BD953D2004F0438 /* Debug */ = {
			isa = XCBuildConfiguration;
			buildSettings = {
				INFOPLIST_FILE = FirstExerciseUITests/Info.plist;
				LD_RUNPATH_SEARCH_PATHS = "$(inherited) @executable_path/Frameworks @loader_path/Frameworks";
				PRODUCT_BUNDLE_IDENTIFIER = squiter.FirstExerciseUITests;
				PRODUCT_NAME = "$(TARGET_NAME)";
				TEST_TARGET_NAME = FirstExercise;
				USES_XCTRUNNER = YES;
			};
			name = Debug;
		};
		8121D9BB1BD953D2004F0438 /* Release */ = {
			isa = XCBuildConfiguration;
			buildSettings = {
				INFOPLIST_FILE = FirstExerciseUITests/Info.plist;
				LD_RUNPATH_SEARCH_PATHS = "$(inherited) @executable_path/Frameworks @loader_path/Frameworks";
				PRODUCT_BUNDLE_IDENTIFIER = squiter.FirstExerciseUITests;
				PRODUCT_NAME = "$(TARGET_NAME)";
				TEST_TARGET_NAME = FirstExercise;
				USES_XCTRUNNER = YES;
			};
			name = Release;
		};
/* End XCBuildConfiguration section */

/* Begin XCConfigurationList section */
		8121D9811BD953D1004F0438 /* Build configuration list for PBXProject "FirstExercise" */ = {
			isa = XCConfigurationList;
			buildConfigurations = (
				8121D9B11BD953D2004F0438 /* Debug */,
				8121D9B21BD953D2004F0438 /* Release */,
			);
			defaultConfigurationIsVisible = 0;
			defaultConfigurationName = Release;
		};
		8121D9B31BD953D2004F0438 /* Build configuration list for PBXNativeTarget "FirstExercise" */ = {
			isa = XCConfigurationList;
			buildConfigurations = (
				8121D9B41BD953D2004F0438 /* Debug */,
				8121D9B51BD953D2004F0438 /* Release */,
			);
			defaultConfigurationIsVisible = 0;
		};
		8121D9B61BD953D2004F0438 /* Build configuration list for PBXNativeTarget "FirstExerciseTests" */ = {
			isa = XCConfigurationList;
			buildConfigurations = (
				8121D9B71BD953D2004F0438 /* Debug */,
				8121D9B81BD953D2004F0438 /* Release */,
			);
			defaultConfigurationIsVisible = 0;
		};
		8121D9B91BD953D2004F0438 /* Build configuration list for PBXNativeTarget "FirstExerciseUITests" */ = {
			isa = XCConfigurationList;
			buildConfigurations = (
				8121D9BA1BD953D2004F0438 /* Debug */,
				8121D9BB1BD953D2004F0438 /* Release */,
			);
			defaultConfigurationIsVisible = 0;
		};
/* End XCConfigurationList section */
	};
	rootObject = 8121D97E1BD953D1004F0438 /* Project object */;
}
